
Microsoft Visual Studio Solution File, Format Version 12.00
# Visual Studio Version 17
VisualStudioVersion = 17.11.35327.3
MinimumVisualStudioVersion = 10.0.40219.1
Project("{9A19103F-16F7-4668-BE54-9A1E7A4F7556}") = "Fantasy.Backend", "Fantasy.Backend\Fantasy.Backend.csproj", "{413356E7-332C-45A6-B633-912C714A224B}"
EndProject
Project("{9A19103F-16F7-4668-BE54-9A1E7A4F7556}") = "Fantasy.Frontend", "Fantasy.Frontend\Fantasy.Frontend.csproj", "{71E134CE-3CF6-49CB-90B6-6354685A293A}"
EndProject
Project("{9A19103F-16F7-4668-BE54-9A1E7A4F7556}") = "Fantasy.Shared", "Fantasy.Shared\Fantasy.Shared.csproj", "{6C6AA8FB-8E67-4DF2-B006-F5298799194E}"
EndProject
Global
	GlobalSection(SolutionConfigurationPlatforms) = preSolution
		Debug|Any CPU = Debug|Any CPU
		Release|Any CPU = Release|Any CPU
	EndGlobalSection
	GlobalSection(ProjectConfigurationPlatforms) = postSolution
		{413356E7-332C-45A6-B633-912C714A224B}.Debug|Any CPU.ActiveCfg = Debug|Any CPU
		{413356E7-332C-45A6-B633-912C714A224B}.Debug|Any CPU.Build.0 = Debug|Any CPU
		{413356E7-332C-45A6-B633-912C714A224B}.Release|Any CPU.ActiveCfg = Release|Any CPU
		{413356E7-332C-45A6-B633-912C714A224B}.Release|Any CPU.Build.0 = Release|Any CPU
		{71E134CE-3CF6-49CB-90B6-6354685A293A}.Debug|Any CPU.ActiveCfg = Debug|Any CPU
		{71E134CE-3CF6-49CB-90B6-6354685A293A}.Debug|Any CPU.Build.0 = Debug|Any CPU
		{71E134CE-3CF6-49CB-90B6-6354685A293A}.Release|Any CPU.ActiveCfg = Release|Any CPU
		{71E134CE-3CF6-49CB-90B6-6354685A293A}.Release|Any CPU.Build.0 = Release|Any CPU
		{6C6AA8FB-8E67-4DF2-B006-F5298799194E}.Debug|Any CPU.ActiveCfg = Debug|Any CPU
		{6C6AA8FB-8E67-4DF2-B006-F5298799194E}.Debug|Any CPU.Build.0 = Debug|Any CPU
		{6C6AA8FB-8E67-4DF2-B006-F5298799194E}.Release|Any CPU.ActiveCfg = Release|Any CPU
		{6C6AA8FB-8E67-4DF2-B006-F5298799194E}.Release|Any CPU.Build.0 = Release|Any CPU
	EndGlobalSection
	GlobalSection(SolutionProperties) = preSolution
		HideSolutionNode = FALSE
	EndGlobalSection
	GlobalSection(ExtensibilityGlobals) = postSolution
		SolutionGuid = {775F5FAB-6B2C-4B85-8119-F3A657A5A154}
	EndGlobalSection
EndGlobal
